
Microsoft Visual Studio Solution File, Format Version 12.00
# Visual Studio Version 16
VisualStudioVersion = 16.0.29230.47
MinimumVisualStudioVersion = 10.0.40219.1
Project("{FAE04EC0-301F-11D3-BF4B-00C04F79EFBC}") = "MyOwnException", "MyOwnException\MyOwnException.csproj", "{80E5734A-3DCE-418F-9E32-60130A2D7828}"
EndProject
Global
	GlobalSection(SolutionConfigurationPlatforms) = preSolution
		Debug|Any CPU = Debug|Any CPU
		Release|Any CPU = Release|Any CPU
	EndGlobalSection
	GlobalSection(ProjectConfigurationPlatforms) = postSolution
		{80E5734A-3DCE-418F-9E32-60130A2D7828}.Debug|Any CPU.ActiveCfg = Debug|Any CPU
		{80E5734A-3DCE-418F-9E32-60130A2D7828}.Debug|Any CPU.Build.0 = Debug|Any CPU
		{80E5734A-3DCE-418F-9E32-60130A2D7828}.Release|Any CPU.ActiveCfg = Release|Any CPU
		{80E5734A-3DCE-418F-9E32-60130A2D7828}.Release|Any CPU.Build.0 = Release|Any CPU
	EndGlobalSection
	GlobalSection(SolutionProperties) = preSolution
		HideSolutionNode = FALSE
	EndGlobalSection
	GlobalSection(ExtensibilityGlobals) = postSolution
		SolutionGuid = {4AA63A3F-DBA5-45C3-8221-A274436D59EB}
	EndGlobalSection
EndGlobal
