
Microsoft Visual Studio Solution File, Format Version 12.00
# Visual Studio Version 16
VisualStudioVersion = 16.0.29209.62
MinimumVisualStudioVersion = 10.0.40219.1
Project("{FAE04EC0-301F-11D3-BF4B-00C04F79EFBC}") = "L_7_Event_practise", "L_7_Event_practise\L_7_Event_practise.csproj", "{C99A2037-CCAD-44B5-85C1-3D6E205E075D}"
EndProject
Global
	GlobalSection(SolutionConfigurationPlatforms) = preSolution
		Debug|Any CPU = Debug|Any CPU
		Release|Any CPU = Release|Any CPU
	EndGlobalSection
	GlobalSection(ProjectConfigurationPlatforms) = postSolution
		{C99A2037-CCAD-44B5-85C1-3D6E205E075D}.Debug|Any CPU.ActiveCfg = Debug|Any CPU
		{C99A2037-CCAD-44B5-85C1-3D6E205E075D}.Debug|Any CPU.Build.0 = Debug|Any CPU
		{C99A2037-CCAD-44B5-85C1-3D6E205E075D}.Release|Any CPU.ActiveCfg = Release|Any CPU
		{C99A2037-CCAD-44B5-85C1-3D6E205E075D}.Release|Any CPU.Build.0 = Release|Any CPU
	EndGlobalSection
	GlobalSection(SolutionProperties) = preSolution
		HideSolutionNode = FALSE
	EndGlobalSection
	GlobalSection(ExtensibilityGlobals) = postSolution
		SolutionGuid = {851D6A7D-4E64-4AD4-A3C0-17BF63E98B8B}
	EndGlobalSection
EndGlobal
